
Microsoft Visual Studio Solution File, Format Version 12.00
# Visual Studio 15
VisualStudioVersion = 15.0.28307.271
MinimumVisualStudioVersion = 10.0.40219.1
Project("{8BC9CEB8-8B4A-11D0-8D11-00A0C91BC942}") = "Problem80", "Problem80\Problem80.vcxproj", "{545C9BA8-6A43-48B5-870B-F40347F636AB}"
EndProject
Global
	GlobalSection(SolutionConfigurationPlatforms) = preSolution
		Debug|x64 = Debug|x64
		Debug|x86 = Debug|x86
		Release|x64 = Release|x64
		Release|x86 = Release|x86
	EndGlobalSection
	GlobalSection(ProjectConfigurationPlatforms) = postSolution
		{545C9BA8-6A43-48B5-870B-F40347F636AB}.Debug|x64.ActiveCfg = Debug|x64
		{545C9BA8-6A43-48B5-870B-F40347F636AB}.Debug|x64.Build.0 = Debug|x64
		{545C9BA8-6A43-48B5-870B-F40347F636AB}.Debug|x86.ActiveCfg = Debug|Win32
		{545C9BA8-6A43-48B5-870B-F40347F636AB}.Debug|x86.Build.0 = Debug|Win32
		{545C9BA8-6A43-48B5-870B-F40347F636AB}.Release|x64.ActiveCfg = Release|x64
		{545C9BA8-6A43-48B5-870B-F40347F636AB}.Release|x64.Build.0 = Release|x64
		{545C9BA8-6A43-48B5-870B-F40347F636AB}.Release|x86.ActiveCfg = Release|Win32
		{545C9BA8-6A43-48B5-870B-F40347F636AB}.Release|x86.Build.0 = Release|Win32
	EndGlobalSection
	GlobalSection(SolutionProperties) = preSolution
		HideSolutionNode = FALSE
	EndGlobalSection
	GlobalSection(ExtensibilityGlobals) = postSolution
		SolutionGuid = {B37769B2-92CB-4376-B7E1-B0FE7C717B2D}
	EndGlobalSection
EndGlobal
