
Microsoft Visual Studio Solution File, Format Version 12.00
# Visual Studio 15
VisualStudioVersion = 15.0.28307.271
MinimumVisualStudioVersion = 10.0.40219.1
Project("{8BC9CEB8-8B4A-11D0-8D11-00A0C91BC942}") = "Problem130", "Problem130\Problem130.vcxproj", "{014A9543-6F9B-4EF0-A521-49189901FC5A}"
EndProject
Global
	GlobalSection(SolutionConfigurationPlatforms) = preSolution
		Debug|x64 = Debug|x64
		Debug|x86 = Debug|x86
		Release|x64 = Release|x64
		Release|x86 = Release|x86
	EndGlobalSection
	GlobalSection(ProjectConfigurationPlatforms) = postSolution
		{014A9543-6F9B-4EF0-A521-49189901FC5A}.Debug|x64.ActiveCfg = Debug|x64
		{014A9543-6F9B-4EF0-A521-49189901FC5A}.Debug|x64.Build.0 = Debug|x64
		{014A9543-6F9B-4EF0-A521-49189901FC5A}.Debug|x86.ActiveCfg = Debug|Win32
		{014A9543-6F9B-4EF0-A521-49189901FC5A}.Debug|x86.Build.0 = Debug|Win32
		{014A9543-6F9B-4EF0-A521-49189901FC5A}.Release|x64.ActiveCfg = Release|x64
		{014A9543-6F9B-4EF0-A521-49189901FC5A}.Release|x64.Build.0 = Release|x64
		{014A9543-6F9B-4EF0-A521-49189901FC5A}.Release|x86.ActiveCfg = Release|Win32
		{014A9543-6F9B-4EF0-A521-49189901FC5A}.Release|x86.Build.0 = Release|Win32
	EndGlobalSection
	GlobalSection(SolutionProperties) = preSolution
		HideSolutionNode = FALSE
	EndGlobalSection
	GlobalSection(ExtensibilityGlobals) = postSolution
		SolutionGuid = {079963DF-FE55-4D44-81E6-A6A1535C2B07}
	EndGlobalSection
EndGlobal
